
Microsoft Visual Studio Solution File, Format Version 12.00
# Visual Studio Version 17
VisualStudioVersion = 17.0.32014.148
MinimumVisualStudioVersion = 10.0.40219.1
Project("{2150E333-8FDC-42A3-9474-1A3956D46DE8}") = "src", "src", "{623F0073-7DB3-4588-BE2C-B964CCA1FDC8}"
EndProject
Project("{9A19103F-16F7-4668-BE54-9A1E7A4F7556}") = "FastDrink.Api", "src\FastDrink.Api\FastDrink.Api.csproj", "{B2407DE4-6665-4401-B8E8-73033BF16CA3}"
EndProject
Project("{9A19103F-16F7-4668-BE54-9A1E7A4F7556}") = "FastDrink.Application", "src\FastDrink.Application\FastDrink.Application.csproj", "{0D14B6CB-1EAE-437C-9241-1E69D8BF3508}"
EndProject
Project("{9A19103F-16F7-4668-BE54-9A1E7A4F7556}") = "FastDrink.Domain", "src\FastDrink.Domain\FastDrink.Domain.csproj", "{8A4D37C9-7725-47AF-93F1-2CAF4A192084}"
EndProject
Project("{9A19103F-16F7-4668-BE54-9A1E7A4F7556}") = "FastDrink.Infrastructure", "src\FastDrink.Infrastructure\FastDrink.Infrastructure.csproj", "{8422ECFC-2D25-4E61-84F1-8B550010E0F0}"
EndProject
Project("{2150E333-8FDC-42A3-9474-1A3956D46DE8}") = "test", "test", "{9886BE81-8D35-46A2-BACE-A42FF2DDD806}"
EndProject
Project("{9A19103F-16F7-4668-BE54-9A1E7A4F7556}") = "FastDrink.IntegrationTest", "test\FastDrink.IntegrationTest\FastDrink.IntegrationTest.csproj", "{7977A0FD-B949-47C2-B143-80BFE08B10CA}"
EndProject
Global
	GlobalSection(SolutionConfigurationPlatforms) = preSolution
		Debug|Any CPU = Debug|Any CPU
		Release|Any CPU = Release|Any CPU
	EndGlobalSection
	GlobalSection(ProjectConfigurationPlatforms) = postSolution
		{B2407DE4-6665-4401-B8E8-73033BF16CA3}.Debug|Any CPU.ActiveCfg = Debug|Any CPU
		{B2407DE4-6665-4401-B8E8-73033BF16CA3}.Debug|Any CPU.Build.0 = Debug|Any CPU
		{B2407DE4-6665-4401-B8E8-73033BF16CA3}.Release|Any CPU.ActiveCfg = Release|Any CPU
		{B2407DE4-6665-4401-B8E8-73033BF16CA3}.Release|Any CPU.Build.0 = Release|Any CPU
		{0D14B6CB-1EAE-437C-9241-1E69D8BF3508}.Debug|Any CPU.ActiveCfg = Debug|Any CPU
		{0D14B6CB-1EAE-437C-9241-1E69D8BF3508}.Debug|Any CPU.Build.0 = Debug|Any CPU
		{0D14B6CB-1EAE-437C-9241-1E69D8BF3508}.Release|Any CPU.ActiveCfg = Release|Any CPU
		{0D14B6CB-1EAE-437C-9241-1E69D8BF3508}.Release|Any CPU.Build.0 = Release|Any CPU
		{8A4D37C9-7725-47AF-93F1-2CAF4A192084}.Debug|Any CPU.ActiveCfg = Debug|Any CPU
		{8A4D37C9-7725-47AF-93F1-2CAF4A192084}.Debug|Any CPU.Build.0 = Debug|Any CPU
		{8A4D37C9-7725-47AF-93F1-2CAF4A192084}.Release|Any CPU.ActiveCfg = Release|Any CPU
		{8A4D37C9-7725-47AF-93F1-2CAF4A192084}.Release|Any CPU.Build.0 = Release|Any CPU
		{8422ECFC-2D25-4E61-84F1-8B550010E0F0}.Debug|Any CPU.ActiveCfg = Debug|Any CPU
		{8422ECFC-2D25-4E61-84F1-8B550010E0F0}.Debug|Any CPU.Build.0 = Debug|Any CPU
		{8422ECFC-2D25-4E61-84F1-8B550010E0F0}.Release|Any CPU.ActiveCfg = Release|Any CPU
		{8422ECFC-2D25-4E61-84F1-8B550010E0F0}.Release|Any CPU.Build.0 = Release|Any CPU
		{7977A0FD-B949-47C2-B143-80BFE08B10CA}.Debug|Any CPU.ActiveCfg = Debug|Any CPU
		{7977A0FD-B949-47C2-B143-80BFE08B10CA}.Debug|Any CPU.Build.0 = Debug|Any CPU
		{7977A0FD-B949-47C2-B143-80BFE08B10CA}.Release|Any CPU.ActiveCfg = Release|Any CPU
		{7977A0FD-B949-47C2-B143-80BFE08B10CA}.Release|Any CPU.Build.0 = Release|Any CPU
	EndGlobalSection
	GlobalSection(SolutionProperties) = preSolution
		HideSolutionNode = FALSE
	EndGlobalSection
	GlobalSection(NestedProjects) = preSolution
		{B2407DE4-6665-4401-B8E8-73033BF16CA3} = {623F0073-7DB3-4588-BE2C-B964CCA1FDC8}
		{0D14B6CB-1EAE-437C-9241-1E69D8BF3508} = {623F0073-7DB3-4588-BE2C-B964CCA1FDC8}
		{8A4D37C9-7725-47AF-93F1-2CAF4A192084} = {623F0073-7DB3-4588-BE2C-B964CCA1FDC8}
		{8422ECFC-2D25-4E61-84F1-8B550010E0F0} = {623F0073-7DB3-4588-BE2C-B964CCA1FDC8}
		{7977A0FD-B949-47C2-B143-80BFE08B10CA} = {9886BE81-8D35-46A2-BACE-A42FF2DDD806}
	EndGlobalSection
	GlobalSection(ExtensibilityGlobals) = postSolution
		SolutionGuid = {07E5CF2D-1F29-4624-AFD0-D74DDF59FE2E}
	EndGlobalSection
EndGlobal
